// !$*UTF8*$!
{
	archiveVersion = 1;
	classes = {
	};
	objectVersion = 46;
	objects = {

/* Begin PBXBuildFile section */
		BD06C2D719A1B2D60040128F /* Foundation.framework in Frameworks */ = {isa = PBXBuildFile; fileRef = BD06C2D619A1B2D60040128F /* Foundation.framework */; };
		BD06C2D919A1B2D60040128F /* CoreGraphics.framework in Frameworks */ = {isa = PBXBuildFile; fileRef = BD06C2D819A1B2D60040128F /* CoreGraphics.framework */; };
		BD06C2DB19A1B2D60040128F /* UIKit.framework in Frameworks */ = {isa = PBXBuildFile; fileRef = BD06C2DA19A1B2D60040128F /* UIKit.framework */; };
		BD06C2E119A1B2D60040128F /* InfoPlist.strings in Resources */ = {isa = PBXBuildFile; fileRef = BD06C2DF19A1B2D60040128F /* InfoPlist.strings */; };
		BD06C2E319A1B2D60040128F /* main.m in Sources */ = {isa = PBXBuildFile; fileRef = BD06C2E219A1B2D60040128F /* main.m */; };
		BD06C2E719A1B2D60040128F /* MBFAppDelegate.m in Sources */ = {isa = PBXBuildFile; fileRef = BD06C2E619A1B2D60040128F /* MBFAppDelegate.m */; };
		BD06C2EA19A1B2D60040128F /* Main.storyboard in Resources */ = {isa = PBXBuildFile; fileRef = BD06C2E819A1B2D60040128F /* Main.storyboard */; };
		BD06C2ED19A1B2D60040128F /* MBFViewController.m in Sources */ = {isa = PBXBuildFile; fileRef = BD06C2EC19A1B2D60040128F /* MBFViewController.m */; };
		BD06C2EF19A1B2D60040128F /* Images.xcassets in Resources */ = {isa = PBXBuildFile; fileRef = BD06C2EE19A1B2D60040128F /* Images.xcassets */; };
		BD06C2F619A1B2D60040128F /* XCTest.framework in Frameworks */ = {isa = PBXBuildFile; fileRef = BD06C2F519A1B2D60040128F /* XCTest.framework */; };
		BD06C2F719A1B2D60040128F /* Foundation.framework in Frameworks */ = {isa = PBXBuildFile; fileRef = BD06C2D619A1B2D60040128F /* Foundation.framework */; };
		BD06C2F819A1B2D60040128F /* UIKit.framework in Frameworks */ = {isa = PBXBuildFile; fileRef = BD06C2DA19A1B2D60040128F /* UIKit.framework */; };
		BD06C30019A1B2D60040128F /* InfoPlist.strings in Resources */ = {isa = PBXBuildFile; fileRef = BD06C2FE19A1B2D60040128F /* InfoPlist.strings */; };
		BD06C30219A1B2D60040128F /* Man_s_Best_FriendTests.m in Sources */ = {isa = PBXBuildFile; fileRef = BD06C30119A1B2D60040128F /* Man_s_Best_FriendTests.m */; };
/* End PBXBuildFile section */

/* Begin PBXContainerItemProxy section */
		BD06C2F919A1B2D60040128F /* PBXContainerItemProxy */ = {
			isa = PBXContainerItemProxy;
			containerPortal = BD06C2CB19A1B2D60040128F /* Project object */;
			proxyType = 1;
			remoteGlobalIDString = BD06C2D219A1B2D60040128F;
			remoteInfo = "Man's Best Friend";
		};
/* End PBXContainerItemProxy section */

/* Begin PBXFileReference section */
		BD06C2D319A1B2D60040128F /* Man's Best Friend.app */ = {isa = PBXFileReference; explicitFileType = wrapper.application; includeInIndex = 0; path = "Man's Best Friend.app"; sourceTree = BUILT_PRODUCTS_DIR; };
		BD06C2D619A1B2D60040128F /* Foundation.framework */ = {isa = PBXFileReference; lastKnownFileType = wrapper.framework; name = Foundation.framework; path = System/Library/Frameworks/Foundation.framework; sourceTree = SDKROOT; };
		BD06C2D819A1B2D60040128F /* CoreGraphics.framework */ = {isa = PBXFileReference; lastKnownFileType = wrapper.framework; name = CoreGraphics.framework; path = System/Library/Frameworks/CoreGraphics.framework; sourceTree = SDKROOT; };
		BD06C2DA19A1B2D60040128F /* UIKit.framework */ = {isa = PBXFileReference; lastKnownFileType = wrapper.framework; name = UIKit.framework; path = System/Library/Frameworks/UIKit.framework; sourceTree = SDKROOT; };
		BD06C2DE19A1B2D60040128F /* Man's Best Friend-Info.plist */ = {isa = PBXFileReference; lastKnownFileType = text.plist.xml; path = "Man's Best Friend-Info.plist"; sourceTree = "<group>"; };
		BD06C2E019A1B2D60040128F /* en */ = {isa = PBXFileReference; lastKnownFileType = text.plist.strings; name = en; path = en.lproj/InfoPlist.strings; sourceTree = "<group>"; };
		BD06C2E219A1B2D60040128F /* main.m */ = {isa = PBXFileReference; lastKnownFileType = sourcecode.c.objc; path = main.m; sourceTree = "<group>"; };
		BD06C2E419A1B2D60040128F /* Man's Best Friend-Prefix.pch */ = {isa = PBXFileReference; lastKnownFileType = sourcecode.c.h; path = "Man's Best Friend-Prefix.pch"; sourceTree = "<group>"; };
		BD06C2E519A1B2D60040128F /* MBFAppDelegate.h */ = {isa = PBXFileReference; lastKnownFileType = sourcecode.c.h; path = MBFAppDelegate.h; sourceTree = "<group>"; };
		BD06C2E619A1B2D60040128F /* MBFAppDelegate.m */ = {isa = PBXFileReference; lastKnownFileType = sourcecode.c.objc; path = MBFAppDelegate.m; sourceTree = "<group>"; };
		BD06C2E919A1B2D60040128F /* Base */ = {isa = PBXFileReference; lastKnownFileType = file.storyboard; name = Base; path = Base.lproj/Main.storyboard; sourceTree = "<group>"; };
		BD06C2EB19A1B2D60040128F /* MBFViewController.h */ = {isa = PBXFileReference; lastKnownFileType = sourcecode.c.h; path = MBFViewController.h; sourceTree = "<group>"; };
		BD06C2EC19A1B2D60040128F /* MBFViewController.m */ = {isa = PBXFileReference; lastKnownFileType = sourcecode.c.objc; path = MBFViewController.m; sourceTree = "<group>"; };
		BD06C2EE19A1B2D60040128F /* Images.xcassets */ = {isa = PBXFileReference; lastKnownFileType = folder.assetcatalog; path = Images.xcassets; sourceTree = "<group>"; };
		BD06C2F419A1B2D60040128F /* Man's Best FriendTests.xctest */ = {isa = PBXFileReference; explicitFileType = wrapper.cfbundle; includeInIndex = 0; path = "Man's Best FriendTests.xctest"; sourceTree = BUILT_PRODUCTS_DIR; };
		BD06C2F519A1B2D60040128F /* XCTest.framework */ = {isa = PBXFileReference; lastKnownFileType = wrapper.framework; name = XCTest.framework; path = Library/Frameworks/XCTest.framework; sourceTree = DEVELOPER_DIR; };
		BD06C2FD19A1B2D60040128F /* Man's Best FriendTests-Info.plist */ = {isa = PBXFileReference; lastKnownFileType = text.plist.xml; path = "Man's Best FriendTests-Info.plist"; sourceTree = "<group>"; };
		BD06C2FF19A1B2D60040128F /* en */ = {isa = PBXFileReference; lastKnownFileType = text.plist.strings; name = en; path = en.lproj/InfoPlist.strings; sourceTree = "<group>"; };
		BD06C30119A1B2D60040128F /* Man_s_Best_FriendTests.m */ = {isa = PBXFileReference; lastKnownFileType = sourcecode.c.objc; path = Man_s_Best_FriendTests.m; sourceTree = "<group>"; };
/* End PBXFileReference section */

/* Begin PBXFrameworksBuildPhase section */
		BD06C2D019A1B2D60040128F /* Frameworks */ = {
			isa = PBXFrameworksBuildPhase;
			buildActionMask = 2147483647;
			files = (
				BD06C2D919A1B2D60040128F /* CoreGraphics.framework in Frameworks */,
				BD06C2DB19A1B2D60040128F /* UIKit.framework in Frameworks */,
				BD06C2D719A1B2D60040128F /* Foundation.framework in Frameworks */,
			);
			runOnlyForDeploymentPostprocessing = 0;
		};
		BD06C2F119A1B2D60040128F /* Frameworks */ = {
			isa = PBXFrameworksBuildPhase;
			buildActionMask = 2147483647;
			files = (
				BD06C2F619A1B2D60040128F /* XCTest.framework in Frameworks */,
				BD06C2F819A1B2D60040128F /* UIKit.framework in Frameworks */,
				BD06C2F719A1B2D60040128F /* Foundation.framework in Frameworks */,
			);
			runOnlyForDeploymentPostprocessing = 0;
		};
/* End PBXFrameworksBuildPhase section */

/* Begin PBXGroup section */
		BD06C2CA19A1B2D60040128F = {
			isa = PBXGroup;
			children = (
				BD06C2DC19A1B2D60040128F /* Man's Best Friend */,
				BD06C2FB19A1B2D60040128F /* Man's Best FriendTests */,
				BD06C2D519A1B2D60040128F /* Frameworks */,
				BD06C2D419A1B2D60040128F /* Products */,
			);
			sourceTree = "<group>";
		};
		BD06C2D419A1B2D60040128F /* Products */ = {
			isa = PBXGroup;
			children = (
				BD06C2D319A1B2D60040128F /* Man's Best Friend.app */,
				BD06C2F419A1B2D60040128F /* Man's Best FriendTests.xctest */,
			);
			name = Products;
			sourceTree = "<group>";
		};
		BD06C2D519A1B2D60040128F /* Frameworks */ = {
			isa = PBXGroup;
			children = (
				BD06C2D619A1B2D60040128F /* Foundation.framework */,
				BD06C2D819A1B2D60040128F /* CoreGraphics.framework */,
				BD06C2DA19A1B2D60040128F /* UIKit.framework */,
				BD06C2F519A1B2D60040128F /* XCTest.framework */,
			);
			name = Frameworks;
			sourceTree = "<group>";
		};
		BD06C2DC19A1B2D60040128F /* Man's Best Friend */ = {
			isa = PBXGroup;
			children = (
				BD06C2E519A1B2D60040128F /* MBFAppDelegate.h */,
				BD06C2E619A1B2D60040128F /* MBFAppDelegate.m */,
				BD06C2E819A1B2D60040128F /* Main.storyboard */,
				BD06C2EB19A1B2D60040128F /* MBFViewController.h */,
				BD06C2EC19A1B2D60040128F /* MBFViewController.m */,
				BD06C2EE19A1B2D60040128F /* Images.xcassets */,
				BD06C2DD19A1B2D60040128F /* Supporting Files */,
			);
			path = "Man's Best Friend";
			sourceTree = "<group>";
		};
		BD06C2DD19A1B2D60040128F /* Supporting Files */ = {
			isa = PBXGroup;
			children = (
				BD06C2DE19A1B2D60040128F /* Man's Best Friend-Info.plist */,
				BD06C2DF19A1B2D60040128F /* InfoPlist.strings */,
				BD06C2E219A1B2D60040128F /* main.m */,
				BD06C2E419A1B2D60040128F /* Man's Best Friend-Prefix.pch */,
			);
			name = "Supporting Files";
			sourceTree = "<group>";
		};
		BD06C2FB19A1B2D60040128F /* Man's Best FriendTests */ = {
			isa = PBXGroup;
			children = (
				BD06C30119A1B2D60040128F /* Man_s_Best_FriendTests.m */,
				BD06C2FC19A1B2D60040128F /* Supporting Files */,
			);
			path = "Man's Best FriendTests";
			sourceTree = "<group>";
		};
		BD06C2FC19A1B2D60040128F /* Supporting Files */ = {
			isa = PBXGroup;
			children = (
				BD06C2FD19A1B2D60040128F /* Man's Best FriendTests-Info.plist */,
				BD06C2FE19A1B2D60040128F /* InfoPlist.strings */,
			);
			name = "Supporting Files";
			sourceTree = "<group>";
		};
/* End PBXGroup section */

/* Begin PBXNativeTarget section */
		BD06C2D219A1B2D60040128F /* Man's Best Friend */ = {
			isa = PBXNativeTarget;
			buildConfigurationList = BD06C30519A1B2D60040128F /* Build configuration list for PBXNativeTarget "Man's Best Friend" */;
			buildPhases = (
				BD06C2CF19A1B2D60040128F /* Sources */,
				BD06C2D019A1B2D60040128F /* Frameworks */,
				BD06C2D119A1B2D60040128F /* Resources */,
			);
			buildRules = (
			);
			dependencies = (
			);
			name = "Man's Best Friend";
			productName = "Man's Best Friend";
			productReference = BD06C2D319A1B2D60040128F /* Man's Best Friend.app */;
			productType = "com.apple.product-type.application";
		};
		BD06C2F319A1B2D60040128F /* Man's Best FriendTests */ = {
			isa = PBXNativeTarget;
			buildConfigurationList = BD06C30819A1B2D60040128F /* Build configuration list for PBXNativeTarget "Man's Best FriendTests" */;
			buildPhases = (
				BD06C2F019A1B2D60040128F /* Sources */,
				BD06C2F119A1B2D60040128F /* Frameworks */,
				BD06C2F219A1B2D60040128F /* Resources */,
			);
			buildRules = (
			);
			dependencies = (
				BD06C2FA19A1B2D60040128F /* PBXTargetDependency */,
			);
			name = "Man's Best FriendTests";
			productName = "Man's Best FriendTests";
			productReference = BD06C2F419A1B2D60040128F /* Man's Best FriendTests.xctest */;
			productType = "com.apple.product-type.bundle.unit-test";
		};
/* End PBXNativeTarget section */

/* Begin PBXProject section */
		BD06C2CB19A1B2D60040128F /* Project object */ = {
			isa = PBXProject;
			attributes = {
				CLASSPREFIX = MBF;
				LastUpgradeCheck = 0510;
				ORGANIZATIONNAME = "Wilson Lam";
				TargetAttributes = {
					BD06C2F319A1B2D60040128F = {
						TestTargetID = BD06C2D219A1B2D60040128F;
					};
				};
			};
			buildConfigurationList = BD06C2CE19A1B2D60040128F /* Build configuration list for PBXProject "Man's Best Friend" */;
			compatibilityVersion = "Xcode 3.2";
			developmentRegion = English;
			hasScannedForEncodings = 0;
			knownRegions = (
				en,
				Base,
			);
			mainGroup = BD06C2CA19A1B2D60040128F;
			productRefGroup = BD06C2D419A1B2D60040128F /* Products */;
			projectDirPath = "";
			projectRoot = "";
			targets = (
				BD06C2D219A1B2D60040128F /* Man's Best Friend */,
				BD06C2F319A1B2D60040128F /* Man's Best FriendTests */,
			);
		};
/* End PBXProject section */

/* Begin PBXResourcesBuildPhase section */
		BD06C2D119A1B2D60040128F /* Resources */ = {
			isa = PBXResourcesBuildPhase;
			buildActionMask = 2147483647;
			files = (
				BD06C2EF19A1B2D60040128F /* Images.xcassets in Resources */,
				BD06C2E119A1B2D60040128F /* InfoPlist.strings in Resources */,
				BD06C2EA19A1B2D60040128F /* Main.storyboard in Resources */,
			);
			runOnlyForDeploymentPostprocessing = 0;
		};
		BD06C2F219A1B2D60040128F /* Resources */ = {
			isa = PBXResourcesBuildPhase;
			buildActionMask = 2147483647;
			files = (
				BD06C30019A1B2D60040128F /* InfoPlist.strings in Resources */,
			);
			runOnlyForDeploymentPostprocessing = 0;
		};
/* End PBXResourcesBuildPhase section */

/* Begin PBXSourcesBuildPhase section */
		BD06C2CF19A1B2D60040128F /* Sources */ = {
			isa = PBXSourcesBuildPhase;
			buildActionMask = 2147483647;
			files = (
				BD06C2E719A1B2D60040128F /* MBFAppDelegate.m in Sources */,
				BD06C2ED19A1B2D60040128F /* MBFViewController.m in Sources */,
				BD06C2E319A1B2D60040128F /* main.m in Sources */,
			);
			runOnlyForDeploymentPostprocessing = 0;
		};
		BD06C2F019A1B2D60040128F /* Sources */ = {
			isa = PBXSourcesBuildPhase;
			buildActionMask = 2147483647;
			files = (
				BD06C30219A1B2D60040128F /* Man_s_Best_FriendTests.m in Sources */,
			);
			runOnlyForDeploymentPostprocessing = 0;
		};
/* End PBXSourcesBuildPhase section */

/* Begin PBXTargetDependency section */
		BD06C2FA19A1B2D60040128F /* PBXTargetDependency */ = {
			isa = PBXTargetDependency;
			target = BD06C2D219A1B2D60040128F /* Man's Best Friend */;
			targetProxy = BD06C2F919A1B2D60040128F /* PBXContainerItemProxy */;
		};
/* End PBXTargetDependency section */

/* Begin PBXVariantGroup section */
		BD06C2DF19A1B2D60040128F /* InfoPlist.strings */ = {
			isa = PBXVariantGroup;
			children = (
				BD06C2E019A1B2D60040128F /* en */,
			);
			name = InfoPlist.strings;
			sourceTree = "<group>";
		};
		BD06C2E819A1B2D60040128F /* Main.storyboard */ = {
			isa = PBXVariantGroup;
			children = (
				BD06C2E919A1B2D60040128F /* Base */,
			);
			name = Main.storyboard;
			sourceTree = "<group>";
		};
		BD06C2FE19A1B2D60040128F /* InfoPlist.strings */ = {
			isa = PBXVariantGroup;
			children = (
				BD06C2FF19A1B2D60040128F /* en */,
			);
			name = InfoPlist.strings;
			sourceTree = "<group>";
		};
/* End PBXVariantGroup section */

/* Begin XCBuildConfiguration section */
		BD06C30319A1B2D60040128F /* Debug */ = {
			isa = XCBuildConfiguration;
			buildSettings = {
				ALWAYS_SEARCH_USER_PATHS = NO;
				CLANG_CXX_LANGUAGE_STANDARD = "gnu++0x";
				CLANG_CXX_LIBRARY = "libc++";
				CLANG_ENABLE_MODULES = YES;
				CLANG_ENABLE_OBJC_ARC = YES;
				CLANG_WARN_BOOL_CONVERSION = YES;
				CLANG_WARN_CONSTANT_CONVERSION = YES;
				CLANG_WARN_DIRECT_OBJC_ISA_USAGE = YES_ERROR;
				CLANG_WARN_EMPTY_BODY = YES;
				CLANG_WARN_ENUM_CONVERSION = YES;
				CLANG_WARN_INT_CONVERSION = YES;
				CLANG_WARN_OBJC_ROOT_CLASS = YES_ERROR;
				CLANG_WARN__DUPLICATE_METHOD_MATCH = YES;
				"CODE_SIGN_IDENTITY[sdk=iphoneos*]" = "iPhone Developer";
				COPY_PHASE_STRIP = NO;
				GCC_C_LANGUAGE_STANDARD = gnu99;
				GCC_DYNAMIC_NO_PIC = NO;
				GCC_OPTIMIZATION_LEVEL = 0;
				GCC_PREPROCESSOR_DEFINITIONS = (
					"DEBUG=1",
					"$(inherited)",
				);
				GCC_SYMBOLS_PRIVATE_EXTERN = NO;
				GCC_WARN_64_TO_32_BIT_CONVERSION = YES;
				GCC_WARN_ABOUT_RETURN_TYPE = YES_ERROR;
				GCC_WARN_UNDECLARED_SELECTOR = YES;
				GCC_WARN_UNINITIALIZED_AUTOS = YES_AGGRESSIVE;
				GCC_WARN_UNUSED_FUNCTION = YES;
				GCC_WARN_UNUSED_VARIABLE = YES;
				IPHONEOS_DEPLOYMENT_TARGET = 7.1;
				ONLY_ACTIVE_ARCH = YES;
				SDKROOT = iphoneos;
			};
			name = Debug;
		};
		BD06C30419A1B2D60040128F /* Release */ = {
			isa = XCBuildConfiguration;
			buildSettings = {
				ALWAYS_SEARCH_USER_PATHS = NO;
				CLANG_CXX_LANGUAGE_STANDARD = "gnu++0x";
				CLANG_CXX_LIBRARY = "libc++";
				CLANG_ENABLE_MODULES = YES;
				CLANG_ENABLE_OBJC_ARC = YES;
				CLANG_WARN_BOOL_CONVERSION = YES;
				CLANG_WARN_CONSTANT_CONVERSION = YES;
				CLANG_WARN_DIRECT_OBJC_ISA_USAGE = YES_ERROR;
				CLANG_WARN_EMPTY_BODY = YES;
				CLANG_WARN_ENUM_CONVERSION = YES;
				CLANG_WARN_INT_CONVERSION = YES;
				CLANG_WARN_OBJC_ROOT_CLASS = YES_ERROR;
				CLANG_WARN__DUPLICATE_METHOD_MATCH = YES;
				"CODE_SIGN_IDENTITY[sdk=iphoneos*]" = "iPhone Developer";
				COPY_PHASE_STRIP = YES;
				ENABLE_NS_ASSERTIONS = NO;
				GCC_C_LANGUAGE_STANDARD = gnu99;
				GCC_WARN_64_TO_32_BIT_CONVERSION = YES;
				GCC_WARN_ABOUT_RETURN_TYPE = YES_ERROR;
				GCC_WARN_UNDECLARED_SELECTOR = YES;
				GCC_WARN_UNINITIALIZED_AUTOS = YES_AGGRESSIVE;
				GCC_WARN_UNUSED_FUNCTION = YES;
				GCC_WARN_UNUSED_VARIABLE = YES;
				IPHONEOS_DEPLOYMENT_TARGET = 7.1;
				SDKROOT = iphoneos;
				VALIDATE_PRODUCT = YES;
			};
			name = Release;
		};
		BD06C30619A1B2D60040128F /* Debug */ = {
			isa = XCBuildConfiguration;
			buildSettings = {
				ASSETCATALOG_COMPILER_APPICON_NAME = AppIcon;
				ASSETCATALOG_COMPILER_LAUNCHIMAGE_NAME = LaunchImage;
				GCC_PRECOMPILE_PREFIX_HEADER = YES;
				GCC_PREFIX_HEADER = "Man's Best Friend/Man's Best Friend-Prefix.pch";
				INFOPLIST_FILE = "Man's Best Friend/Man's Best Friend-Info.plist";
				PRODUCT_NAME = "$(TARGET_NAME)";
				WRAPPER_EXTENSION = app;
			};
			name = Debug;
		};
		BD06C30719A1B2D60040128F /* Release */ = {
			isa = XCBuildConfiguration;
			buildSettings = {
				ASSETCATALOG_COMPILER_APPICON_NAME = AppIcon;
				ASSETCATALOG_COMPILER_LAUNCHIMAGE_NAME = LaunchImage;
				GCC_PRECOMPILE_PREFIX_HEADER = YES;
				GCC_PREFIX_HEADER = "Man's Best Friend/Man's Best Friend-Prefix.pch";
				INFOPLIST_FILE = "Man's Best Friend/Man's Best Friend-Info.plist";
				PRODUCT_NAME = "$(TARGET_NAME)";
				WRAPPER_EXTENSION = app;
			};
			name = Release;
		};
		BD06C30919A1B2D60040128F /* Debug */ = {
			isa = XCBuildConfiguration;
			buildSettings = {
				BUNDLE_LOADER = "$(BUILT_PRODUCTS_DIR)/Man's Best Friend.app/Man's Best Friend";
				FRAMEWORK_SEARCH_PATHS = (
					"$(SDKROOT)/Developer/Library/Frameworks",
					"$(inherited)",
					"$(DEVELOPER_FRAMEWORKS_DIR)",
				);
				GCC_PRECOMPILE_PREFIX_HEADER = YES;
				GCC_PREFIX_HEADER = "Man's Best Friend/Man's Best Friend-Prefix.pch";
				GCC_PREPROCESSOR_DEFINITIONS = (
					"DEBUG=1",
					"$(inherited)",
				);
				INFOPLIST_FILE = "Man's Best FriendTests/Man's Best FriendTests-Info.plist";
				PRODUCT_NAME = "$(TARGET_NAME)";
				TEST_HOST = "$(BUNDLE_LOADER)";
				WRAPPER_EXTENSION = xctest;
			};
			name = Debug;
		};
		BD06C30A19A1B2D60040128F /* Release */ = {
			isa = XCBuildConfiguration;
			buildSettings = {
				BUNDLE_LOADER = "$(BUILT_PRODUCTS_DIR)/Man's Best Friend.app/Man's Best Friend";
				FRAMEWORK_SEARCH_PATHS = (
					"$(SDKROOT)/Developer/Library/Frameworks",
					"$(inherited)",
					"$(DEVELOPER_FRAMEWORKS_DIR)",
				);
				GCC_PRECOMPILE_PREFIX_HEADER = YES;
				GCC_PREFIX_HEADER = "Man's Best Friend/Man's Best Friend-Prefix.pch";
				INFOPLIST_FILE = "Man's Best FriendTests/Man's Best FriendTests-Info.plist";
				PRODUCT_NAME = "$(TARGET_NAME)";
				TEST_HOST = "$(BUNDLE_LOADER)";
				WRAPPER_EXTENSION = xctest;
			};
			name = Release;
		};
/* End XCBuildConfiguration section */

/* Begin XCConfigurationList section */
		BD06C2CE19A1B2D60040128F /* Build configuration list for PBXProject "Man's Best Friend" */ = {
			isa = XCConfigurationList;
			buildConfigurations = (
				BD06C30319A1B2D60040128F /* Debug */,
				BD06C30419A1B2D60040128F /* Release */,
			);
			defaultConfigurationIsVisible = 0;
			defaultConfigurationName = Release;
		};
		BD06C30519A1B2D60040128F /* Build configuration list for PBXNativeTarget "Man's Best Friend" */ = {
			isa = XCConfigurationList;
			buildConfigurations = (
				BD06C30619A1B2D60040128F /* Debug */,
				BD06C30719A1B2D60040128F /* Release */,
			);
			defaultConfigurationIsVisible = 0;
		};
		BD06C30819A1B2D60040128F /* Build configuration list for PBXNativeTarget "Man's Best FriendTests" */ = {
			isa = XCConfigurationList;
			buildConfigurations = (
				BD06C30919A1B2D60040128F /* Debug */,
				BD06C30A19A1B2D60040128F /* Release */,
			);
			defaultConfigurationIsVisible = 0;
		};
/* End XCConfigurationList section */
	};
	rootObject = BD06C2CB19A1B2D60040128F /* Project object */;
}
